
Microsoft Visual Studio Solution File, Format Version 12.00
# Visual Studio Version 16
VisualStudioVersion = 16.0.30011.22
MinimumVisualStudioVersion = 10.0.40219.1
Project("{9A19103F-16F7-4668-BE54-9A1E7A4F7556}") = "Serveur", "Serveur\Serveur.csproj", "{D3349408-2F1D-4A72-ACB3-4C89C5256EB6}"
EndProject
Project("{9A19103F-16F7-4668-BE54-9A1E7A4F7556}") = "client", "client\client.csproj", "{6717C9F0-1A65-412D-9261-A642104CA273}"
EndProject
Project("{FAE04EC0-301F-11D3-BF4B-00C04F79EFBC}") = "ClientUdp", "ClientUdp\ClientUdp.csproj", "{9811FE7E-BFF5-4F58-9FF8-E4400127F99C}"
EndProject
Global
	GlobalSection(SolutionConfigurationPlatforms) = preSolution
		Debug|Any CPU = Debug|Any CPU
		Release|Any CPU = Release|Any CPU
	EndGlobalSection
	GlobalSection(ProjectConfigurationPlatforms) = postSolution
		{D3349408-2F1D-4A72-ACB3-4C89C5256EB6}.Debug|Any CPU.ActiveCfg = Debug|Any CPU
		{D3349408-2F1D-4A72-ACB3-4C89C5256EB6}.Debug|Any CPU.Build.0 = Debug|Any CPU
		{D3349408-2F1D-4A72-ACB3-4C89C5256EB6}.Release|Any CPU.ActiveCfg = Release|Any CPU
		{D3349408-2F1D-4A72-ACB3-4C89C5256EB6}.Release|Any CPU.Build.0 = Release|Any CPU
		{6717C9F0-1A65-412D-9261-A642104CA273}.Debug|Any CPU.ActiveCfg = Debug|Any CPU
		{6717C9F0-1A65-412D-9261-A642104CA273}.Debug|Any CPU.Build.0 = Debug|Any CPU
		{6717C9F0-1A65-412D-9261-A642104CA273}.Release|Any CPU.ActiveCfg = Release|Any CPU
		{6717C9F0-1A65-412D-9261-A642104CA273}.Release|Any CPU.Build.0 = Release|Any CPU
		{9811FE7E-BFF5-4F58-9FF8-E4400127F99C}.Debug|Any CPU.ActiveCfg = Debug|Any CPU
		{9811FE7E-BFF5-4F58-9FF8-E4400127F99C}.Debug|Any CPU.Build.0 = Debug|Any CPU
		{9811FE7E-BFF5-4F58-9FF8-E4400127F99C}.Release|Any CPU.ActiveCfg = Release|Any CPU
		{9811FE7E-BFF5-4F58-9FF8-E4400127F99C}.Release|Any CPU.Build.0 = Release|Any CPU
	EndGlobalSection
	GlobalSection(SolutionProperties) = preSolution
		HideSolutionNode = FALSE
	EndGlobalSection
	GlobalSection(ExtensibilityGlobals) = postSolution
		SolutionGuid = {D7270168-6E09-4886-9060-9B55A3A9AAA7}
	EndGlobalSection
EndGlobal
